
Microsoft Visual Studio Solution File, Format Version 12.00
# Visual Studio Version 16
VisualStudioVersion = 16.0.29503.13
MinimumVisualStudioVersion = 10.0.40219.1
Project("{2150E333-8FDC-42A3-9474-1A3956D46DE8}") = "01. Core Layer", "01. Core Layer", "{E6D8F149-94FE-436A-B33B-07D949003E06}"
EndProject
Project("{9A19103F-16F7-4668-BE54-9A1E7A4F7556}") = "NETCore.Ldap", "src\NETCore.Ldap\NETCore.Ldap.csproj", "{3F1D4799-BBC6-4612-B457-034DAB1C9599}"
EndProject
Project("{2150E333-8FDC-42A3-9474-1A3956D46DE8}") = "02. Startup Layer", "02. Startup Layer", "{5AD74F5E-98F8-4AD0-BC15-BCEC53ABC51E}"
EndProject
Project("{FAE04EC0-301F-11D3-BF4B-00C04F79EFBC}") = "NETCore.Ldap.ConsoleApp", "src\NETCore.Ldap.ConsoleApp\NETCore.Ldap.ConsoleApp.csproj", "{9E33C450-50DC-4BFC-83AF-D68FB69066AC}"
EndProject
Global
	GlobalSection(SolutionConfigurationPlatforms) = preSolution
		Debug|Any CPU = Debug|Any CPU
		Release|Any CPU = Release|Any CPU
	EndGlobalSection
	GlobalSection(ProjectConfigurationPlatforms) = postSolution
		{3F1D4799-BBC6-4612-B457-034DAB1C9599}.Debug|Any CPU.ActiveCfg = Debug|Any CPU
		{3F1D4799-BBC6-4612-B457-034DAB1C9599}.Debug|Any CPU.Build.0 = Debug|Any CPU
		{3F1D4799-BBC6-4612-B457-034DAB1C9599}.Release|Any CPU.ActiveCfg = Release|Any CPU
		{3F1D4799-BBC6-4612-B457-034DAB1C9599}.Release|Any CPU.Build.0 = Release|Any CPU
		{9E33C450-50DC-4BFC-83AF-D68FB69066AC}.Debug|Any CPU.ActiveCfg = Debug|Any CPU
		{9E33C450-50DC-4BFC-83AF-D68FB69066AC}.Debug|Any CPU.Build.0 = Debug|Any CPU
		{9E33C450-50DC-4BFC-83AF-D68FB69066AC}.Release|Any CPU.ActiveCfg = Release|Any CPU
		{9E33C450-50DC-4BFC-83AF-D68FB69066AC}.Release|Any CPU.Build.0 = Release|Any CPU
	EndGlobalSection
	GlobalSection(SolutionProperties) = preSolution
		HideSolutionNode = FALSE
	EndGlobalSection
	GlobalSection(NestedProjects) = preSolution
		{3F1D4799-BBC6-4612-B457-034DAB1C9599} = {E6D8F149-94FE-436A-B33B-07D949003E06}
		{9E33C450-50DC-4BFC-83AF-D68FB69066AC} = {5AD74F5E-98F8-4AD0-BC15-BCEC53ABC51E}
	EndGlobalSection
	GlobalSection(ExtensibilityGlobals) = postSolution
		SolutionGuid = {A8179BA8-9603-40CE-B88C-FF13B1B34EA6}
	EndGlobalSection
EndGlobal
